
Microsoft Visual Studio Solution File, Format Version 12.00
# Visual Studio Version 16
VisualStudioVersion = 16.0.810.25
MinimumVisualStudioVersion = 10.0.40219.1
Project("{FAE04EC0-301F-11D3-BF4B-00C04F79EFBC}") = "Lection2", "Lection2\Lection2.csproj", "{0CD8C18A-EF76-40CB-8E81-23FC34F95600}"
EndProject
Global
	GlobalSection(SolutionConfigurationPlatforms) = preSolution
		Debug|anycpu = Debug|anycpu
		Release|anycpu = Release|anycpu
	EndGlobalSection
	GlobalSection(ProjectConfigurationPlatforms) = postSolution
		{0CD8C18A-EF76-40CB-8E81-23FC34F95600}.Debug|anycpu.ActiveCfg = Debug|anycpu
		{0CD8C18A-EF76-40CB-8E81-23FC34F95600}.Debug|anycpu.Build.0 = Debug|anycpu
		{0CD8C18A-EF76-40CB-8E81-23FC34F95600}.Release|anycpu.ActiveCfg = Release|anycpu
		{0CD8C18A-EF76-40CB-8E81-23FC34F95600}.Release|anycpu.Build.0 = Release|anycpu
	EndGlobalSection
	GlobalSection(SolutionProperties) = preSolution
		HideSolutionNode = FALSE
	EndGlobalSection
	GlobalSection(ExtensibilityGlobals) = postSolution
		SolutionGuid = {0CE98A36-6615-456E-B070-375E391699CE}
	EndGlobalSection
EndGlobal
